
Microsoft Visual Studio Solution File, Format Version 12.00
# Visual Studio Version 17
VisualStudioVersion = 17.9.34723.18
MinimumVisualStudioVersion = 10.0.40219.1
Project("{FAE04EC0-301F-11D3-BF4B-00C04F79EFBC}") = "LinqWithObjects", "LinqWithObjects\LinqWithObjects.csproj", "{5F2EA8A6-7EF0-4266-9B29-907499CAE45E}"
EndProject
Global
	GlobalSection(SolutionConfigurationPlatforms) = preSolution
		Debug|Any CPU = Debug|Any CPU
		Release|Any CPU = Release|Any CPU
	EndGlobalSection
	GlobalSection(ProjectConfigurationPlatforms) = postSolution
		{5F2EA8A6-7EF0-4266-9B29-907499CAE45E}.Debug|Any CPU.ActiveCfg = Debug|Any CPU
		{5F2EA8A6-7EF0-4266-9B29-907499CAE45E}.Debug|Any CPU.Build.0 = Debug|Any CPU
		{5F2EA8A6-7EF0-4266-9B29-907499CAE45E}.Release|Any CPU.ActiveCfg = Release|Any CPU
		{5F2EA8A6-7EF0-4266-9B29-907499CAE45E}.Release|Any CPU.Build.0 = Release|Any CPU
	EndGlobalSection
	GlobalSection(SolutionProperties) = preSolution
		HideSolutionNode = FALSE
	EndGlobalSection
	GlobalSection(ExtensibilityGlobals) = postSolution
		SolutionGuid = {2DE5183B-E5AF-4837-B70B-611B72ECB6D9}
	EndGlobalSection
EndGlobal
