
Microsoft Visual Studio Solution File, Format Version 12.00
# Visual Studio Version 17
VisualStudioVersion = 17.9.34622.214
MinimumVisualStudioVersion = 10.0.40219.1
Project("{FAE04EC0-301F-11D3-BF4B-00C04F79EFBC}") = "PacktLibrary", "PacktLibrary.csproj", "{DAA4F978-0F5C-4744-99C7-2658478A59C4}"
EndProject
Project("{FAE04EC0-301F-11D3-BF4B-00C04F79EFBC}") = "PeopleApp", "..\PeopleApp\PeopleApp.csproj", "{8A6A1D73-504E-41BC-8257-E1F7349EC334}"
EndProject
Global
	GlobalSection(SolutionConfigurationPlatforms) = preSolution
		Debug|Any CPU = Debug|Any CPU
		Release|Any CPU = Release|Any CPU
	EndGlobalSection
	GlobalSection(ProjectConfigurationPlatforms) = postSolution
		{DAA4F978-0F5C-4744-99C7-2658478A59C4}.Debug|Any CPU.ActiveCfg = Debug|Any CPU
		{DAA4F978-0F5C-4744-99C7-2658478A59C4}.Debug|Any CPU.Build.0 = Debug|Any CPU
		{DAA4F978-0F5C-4744-99C7-2658478A59C4}.Release|Any CPU.ActiveCfg = Release|Any CPU
		{DAA4F978-0F5C-4744-99C7-2658478A59C4}.Release|Any CPU.Build.0 = Release|Any CPU
		{8A6A1D73-504E-41BC-8257-E1F7349EC334}.Debug|Any CPU.ActiveCfg = Debug|Any CPU
		{8A6A1D73-504E-41BC-8257-E1F7349EC334}.Debug|Any CPU.Build.0 = Debug|Any CPU
		{8A6A1D73-504E-41BC-8257-E1F7349EC334}.Release|Any CPU.ActiveCfg = Release|Any CPU
		{8A6A1D73-504E-41BC-8257-E1F7349EC334}.Release|Any CPU.Build.0 = Release|Any CPU
	EndGlobalSection
	GlobalSection(SolutionProperties) = preSolution
		HideSolutionNode = FALSE
	EndGlobalSection
	GlobalSection(ExtensibilityGlobals) = postSolution
		SolutionGuid = {D1F93875-817F-4A90-ABA9-F4C2310B7290}
	EndGlobalSection
EndGlobal
